
Microsoft Visual Studio Solution File, Format Version 12.00
Project("{FAE04EC0-301F-11D3-BF4B-00C04F79EFBC}") = "WebApi", "WebApi\WebApi.csproj", "{40D0E38E-D1B9-46E0-9222-37F9B0E558A2}"
EndProject
Project("{2150E333-8FDC-42A3-9474-1A3956D46DE8}") = "src", "src", "{7DC6C92C-F27B-4E00-B3B5-A9F90786C847}"
EndProject
Project("{FAE04EC0-301F-11D3-BF4B-00C04F79EFBC}") = "Domain", "Domain\Domain.csproj", "{B9C32B63-F059-438F-98CA-4BFC1198F73D}"
EndProject
Project("{FAE04EC0-301F-11D3-BF4B-00C04F79EFBC}") = "Infrastructure", "Infrastructure\Infrastructure.csproj", "{DF8C11B1-623F-48FF-8F9B-52EE1737AE59}"
EndProject
Project("{FAE04EC0-301F-11D3-BF4B-00C04F79EFBC}") = "Application", "Application\Application.csproj", "{58C42379-9A8C-4519-B5D7-CFA272BA9CB4}"
EndProject
Project("{2150E333-8FDC-42A3-9474-1A3956D46DE8}") = "Tests", "Tests", "{C1660F75-D9FD-4898-A10A-236497C0508E}"
EndProject
Project("{FAE04EC0-301F-11D3-BF4B-00C04F79EFBC}") = "UnitTest", "UnitTest\UnitTest.csproj", "{A66DC10B-A48D-4485-880D-C9D91A0CFB01}"
EndProject
Project("{FAE04EC0-301F-11D3-BF4B-00C04F79EFBC}") = "IntegrationTest", "IntegrationTest\IntegrationTest.csproj", "{C02D8AE9-740E-45EF-AD72-DBF434CD83D1}"
EndProject
Project("{FAE04EC0-301F-11D3-BF4B-00C04F79EFBC}") = "UnitTestCommon", "UnitTestCommon\UnitTestCommon.csproj", "{A23AA5AB-E9B6-4E21-A21A-68D80758D6B0}"
EndProject
Global
	GlobalSection(SolutionConfigurationPlatforms) = preSolution
		Debug|Any CPU = Debug|Any CPU
		Release|Any CPU = Release|Any CPU
	EndGlobalSection
	GlobalSection(ProjectConfigurationPlatforms) = postSolution
		{40D0E38E-D1B9-46E0-9222-37F9B0E558A2}.Debug|Any CPU.ActiveCfg = Debug|Any CPU
		{40D0E38E-D1B9-46E0-9222-37F9B0E558A2}.Debug|Any CPU.Build.0 = Debug|Any CPU
		{40D0E38E-D1B9-46E0-9222-37F9B0E558A2}.Release|Any CPU.ActiveCfg = Release|Any CPU
		{40D0E38E-D1B9-46E0-9222-37F9B0E558A2}.Release|Any CPU.Build.0 = Release|Any CPU
		{B9C32B63-F059-438F-98CA-4BFC1198F73D}.Debug|Any CPU.ActiveCfg = Debug|Any CPU
		{B9C32B63-F059-438F-98CA-4BFC1198F73D}.Debug|Any CPU.Build.0 = Debug|Any CPU
		{B9C32B63-F059-438F-98CA-4BFC1198F73D}.Release|Any CPU.ActiveCfg = Release|Any CPU
		{B9C32B63-F059-438F-98CA-4BFC1198F73D}.Release|Any CPU.Build.0 = Release|Any CPU
		{DF8C11B1-623F-48FF-8F9B-52EE1737AE59}.Debug|Any CPU.ActiveCfg = Debug|Any CPU
		{DF8C11B1-623F-48FF-8F9B-52EE1737AE59}.Debug|Any CPU.Build.0 = Debug|Any CPU
		{DF8C11B1-623F-48FF-8F9B-52EE1737AE59}.Release|Any CPU.ActiveCfg = Release|Any CPU
		{DF8C11B1-623F-48FF-8F9B-52EE1737AE59}.Release|Any CPU.Build.0 = Release|Any CPU
		{58C42379-9A8C-4519-B5D7-CFA272BA9CB4}.Debug|Any CPU.ActiveCfg = Debug|Any CPU
		{58C42379-9A8C-4519-B5D7-CFA272BA9CB4}.Debug|Any CPU.Build.0 = Debug|Any CPU
		{58C42379-9A8C-4519-B5D7-CFA272BA9CB4}.Release|Any CPU.ActiveCfg = Release|Any CPU
		{58C42379-9A8C-4519-B5D7-CFA272BA9CB4}.Release|Any CPU.Build.0 = Release|Any CPU
		{A66DC10B-A48D-4485-880D-C9D91A0CFB01}.Debug|Any CPU.ActiveCfg = Debug|Any CPU
		{A66DC10B-A48D-4485-880D-C9D91A0CFB01}.Debug|Any CPU.Build.0 = Debug|Any CPU
		{A66DC10B-A48D-4485-880D-C9D91A0CFB01}.Release|Any CPU.ActiveCfg = Release|Any CPU
		{A66DC10B-A48D-4485-880D-C9D91A0CFB01}.Release|Any CPU.Build.0 = Release|Any CPU
		{C02D8AE9-740E-45EF-AD72-DBF434CD83D1}.Debug|Any CPU.ActiveCfg = Debug|Any CPU
		{C02D8AE9-740E-45EF-AD72-DBF434CD83D1}.Debug|Any CPU.Build.0 = Debug|Any CPU
		{C02D8AE9-740E-45EF-AD72-DBF434CD83D1}.Release|Any CPU.ActiveCfg = Release|Any CPU
		{C02D8AE9-740E-45EF-AD72-DBF434CD83D1}.Release|Any CPU.Build.0 = Release|Any CPU
		{A23AA5AB-E9B6-4E21-A21A-68D80758D6B0}.Debug|Any CPU.ActiveCfg = Debug|Any CPU
		{A23AA5AB-E9B6-4E21-A21A-68D80758D6B0}.Debug|Any CPU.Build.0 = Debug|Any CPU
		{A23AA5AB-E9B6-4E21-A21A-68D80758D6B0}.Release|Any CPU.ActiveCfg = Release|Any CPU
		{A23AA5AB-E9B6-4E21-A21A-68D80758D6B0}.Release|Any CPU.Build.0 = Release|Any CPU
	EndGlobalSection
	GlobalSection(NestedProjects) = preSolution
		{40D0E38E-D1B9-46E0-9222-37F9B0E558A2} = {7DC6C92C-F27B-4E00-B3B5-A9F90786C847}
		{B9C32B63-F059-438F-98CA-4BFC1198F73D} = {7DC6C92C-F27B-4E00-B3B5-A9F90786C847}
		{DF8C11B1-623F-48FF-8F9B-52EE1737AE59} = {7DC6C92C-F27B-4E00-B3B5-A9F90786C847}
		{58C42379-9A8C-4519-B5D7-CFA272BA9CB4} = {7DC6C92C-F27B-4E00-B3B5-A9F90786C847}
		{A66DC10B-A48D-4485-880D-C9D91A0CFB01} = {C1660F75-D9FD-4898-A10A-236497C0508E}
		{C02D8AE9-740E-45EF-AD72-DBF434CD83D1} = {C1660F75-D9FD-4898-A10A-236497C0508E}
		{A23AA5AB-E9B6-4E21-A21A-68D80758D6B0} = {C1660F75-D9FD-4898-A10A-236497C0508E}
	EndGlobalSection
EndGlobal
